
Microsoft Visual Studio Solution File, Format Version 12.00
# Visual Studio Version 17
VisualStudioVersion = 17.11.35222.181
MinimumVisualStudioVersion = 10.0.40219.1
Project("{FAE04EC0-301F-11D3-BF4B-00C04F79EFBC}") = "SeoulStayS4", "SeoulStayS4\SeoulStayS4.csproj", "{3ECCAE7B-E7E0-4662-A468-BDD0A06E9597}"
EndProject
Global
	GlobalSection(SolutionConfigurationPlatforms) = preSolution
		Debug|Any CPU = Debug|Any CPU
		Release|Any CPU = Release|Any CPU
	EndGlobalSection
	GlobalSection(ProjectConfigurationPlatforms) = postSolution
		{3ECCAE7B-E7E0-4662-A468-BDD0A06E9597}.Debug|Any CPU.ActiveCfg = Debug|Any CPU
		{3ECCAE7B-E7E0-4662-A468-BDD0A06E9597}.Debug|Any CPU.Build.0 = Debug|Any CPU
		{3ECCAE7B-E7E0-4662-A468-BDD0A06E9597}.Release|Any CPU.ActiveCfg = Release|Any CPU
		{3ECCAE7B-E7E0-4662-A468-BDD0A06E9597}.Release|Any CPU.Build.0 = Release|Any CPU
	EndGlobalSection
	GlobalSection(SolutionProperties) = preSolution
		HideSolutionNode = FALSE
	EndGlobalSection
	GlobalSection(ExtensibilityGlobals) = postSolution
		SolutionGuid = {643F19F0-301A-419A-9498-9870E9D99BFD}
	EndGlobalSection
EndGlobal
